// !$*UTF8*$!
{
	archiveVersion = 1;
	classes = {
	};
	objectVersion = 56;
	objects = {

/* Begin PBXBuildFile section */
		BDD6920F29B650B300A7C33E /* FoodagramApp.swift in Sources */ = {isa = PBXBuildFile; fileRef = BDD6920E29B650B300A7C33E /* FoodagramApp.swift */; };
		BDD6921129B650B300A7C33E /* ContentView.swift in Sources */ = {isa = PBXBuildFile; fileRef = BDD6921029B650B300A7C33E /* ContentView.swift */; };
		BDD6921329B650B500A7C33E /* Assets.xcassets in Resources */ = {isa = PBXBuildFile; fileRef = BDD6921229B650B500A7C33E /* Assets.xcassets */; };
		BDD6921629B650B500A7C33E /* Preview Assets.xcassets in Resources */ = {isa = PBXBuildFile; fileRef = BDD6921529B650B500A7C33E /* Preview Assets.xcassets */; };
		BDD6921E29B66F8600A7C33E /* FirebaseAnalytics in Frameworks */ = {isa = PBXBuildFile; productRef = BDD6921D29B66F8600A7C33E /* FirebaseAnalytics */; };
		BDD6922029B66F8600A7C33E /* FirebaseAnalyticsSwift in Frameworks */ = {isa = PBXBuildFile; productRef = BDD6921F29B66F8600A7C33E /* FirebaseAnalyticsSwift */; };
		BDD6922229B66FBE00A7C33E /* GoogleService-Info.plist in Resources */ = {isa = PBXBuildFile; fileRef = BDD6922129B66FBD00A7C33E /* GoogleService-Info.plist */; };
		BDD6922529B6768E00A7C33E /* AuthenticationView.swift in Sources */ = {isa = PBXBuildFile; fileRef = BDD6922429B6768E00A7C33E /* AuthenticationView.swift */; };
		BDD6922729B68F6900A7C33E /* LoginEmailView.swift in Sources */ = {isa = PBXBuildFile; fileRef = BDD6922629B68F6900A7C33E /* LoginEmailView.swift */; };
		BDD6922929B6934600A7C33E /* RegisterEmailView.swift in Sources */ = {isa = PBXBuildFile; fileRef = BDD6922829B6934600A7C33E /* RegisterEmailView.swift */; };
		BDD6922B29B693C800A7C33E /* DismissView.swift in Sources */ = {isa = PBXBuildFile; fileRef = BDD6922A29B693C800A7C33E /* DismissView.swift */; };
		BDD6922E29B6967800A7C33E /* FirebaseAuth in Frameworks */ = {isa = PBXBuildFile; productRef = BDD6922D29B6967800A7C33E /* FirebaseAuth */; };
		BDD6923029B6ABEF00A7C33E /* AuthenticationFirebaseDatasource.swift in Sources */ = {isa = PBXBuildFile; fileRef = BDD6922F29B6ABEF00A7C33E /* AuthenticationFirebaseDatasource.swift */; };
		BDD6923229B6ADB500A7C33E /* AuthenticationRepository.swift in Sources */ = {isa = PBXBuildFile; fileRef = BDD6923129B6ADB500A7C33E /* AuthenticationRepository.swift */; };
		BDD6923529B6AE5C00A7C33E /* AuthenticationViewModel.swift in Sources */ = {isa = PBXBuildFile; fileRef = BDD6923429B6AE5C00A7C33E /* AuthenticationViewModel.swift */; };
/* End PBXBuildFile section */

/* Begin PBXFileReference section */
		BDD6920B29B650B300A7C33E /* Foodagram.app */ = {isa = PBXFileReference; explicitFileType = wrapper.application; includeInIndex = 0; path = Foodagram.app; sourceTree = BUILT_PRODUCTS_DIR; };
		BDD6920E29B650B300A7C33E /* FoodagramApp.swift */ = {isa = PBXFileReference; lastKnownFileType = sourcecode.swift; path = FoodagramApp.swift; sourceTree = "<group>"; };
		BDD6921029B650B300A7C33E /* ContentView.swift */ = {isa = PBXFileReference; lastKnownFileType = sourcecode.swift; path = ContentView.swift; sourceTree = "<group>"; };
		BDD6921229B650B500A7C33E /* Assets.xcassets */ = {isa = PBXFileReference; lastKnownFileType = folder.assetcatalog; path = Assets.xcassets; sourceTree = "<group>"; };
		BDD6921529B650B500A7C33E /* Preview Assets.xcassets */ = {isa = PBXFileReference; lastKnownFileType = folder.assetcatalog; path = "Preview Assets.xcassets"; sourceTree = "<group>"; };
		BDD6922129B66FBD00A7C33E /* GoogleService-Info.plist */ = {isa = PBXFileReference; fileEncoding = 4; lastKnownFileType = text.plist.xml; path = "GoogleService-Info.plist"; sourceTree = "<group>"; };
		BDD6922429B6768E00A7C33E /* AuthenticationView.swift */ = {isa = PBXFileReference; lastKnownFileType = sourcecode.swift; path = AuthenticationView.swift; sourceTree = "<group>"; };
		BDD6922629B68F6900A7C33E /* LoginEmailView.swift */ = {isa = PBXFileReference; lastKnownFileType = sourcecode.swift; path = LoginEmailView.swift; sourceTree = "<group>"; };
		BDD6922829B6934600A7C33E /* RegisterEmailView.swift */ = {isa = PBXFileReference; lastKnownFileType = sourcecode.swift; path = RegisterEmailView.swift; sourceTree = "<group>"; };
		BDD6922A29B693C800A7C33E /* DismissView.swift */ = {isa = PBXFileReference; lastKnownFileType = sourcecode.swift; path = DismissView.swift; sourceTree = "<group>"; };
		BDD6922F29B6ABEF00A7C33E /* AuthenticationFirebaseDatasource.swift */ = {isa = PBXFileReference; lastKnownFileType = sourcecode.swift; path = AuthenticationFirebaseDatasource.swift; sourceTree = "<group>"; };
		BDD6923129B6ADB500A7C33E /* AuthenticationRepository.swift */ = {isa = PBXFileReference; lastKnownFileType = sourcecode.swift; path = AuthenticationRepository.swift; sourceTree = "<group>"; };
		BDD6923429B6AE5C00A7C33E /* AuthenticationViewModel.swift */ = {isa = PBXFileReference; lastKnownFileType = sourcecode.swift; path = AuthenticationViewModel.swift; sourceTree = "<group>"; };
/* End PBXFileReference section */

/* Begin PBXFrameworksBuildPhase section */
		BDD6920829B650B300A7C33E /* Frameworks */ = {
			isa = PBXFrameworksBuildPhase;
			buildActionMask = 2147483647;
			files = (
				BDD6922029B66F8600A7C33E /* FirebaseAnalyticsSwift in Frameworks */,
				BDD6922E29B6967800A7C33E /* FirebaseAuth in Frameworks */,
				BDD6921E29B66F8600A7C33E /* FirebaseAnalytics in Frameworks */,
			);
			runOnlyForDeploymentPostprocessing = 0;
		};
/* End PBXFrameworksBuildPhase section */

/* Begin PBXGroup section */
		BDD6920229B650B300A7C33E = {
			isa = PBXGroup;
			children = (
				BDD6920D29B650B300A7C33E /* Foodagram */,
				BDD6920C29B650B300A7C33E /* Products */,
				BDD6922C29B6967800A7C33E /* Frameworks */,
			);
			sourceTree = "<group>";
		};
		BDD6920C29B650B300A7C33E /* Products */ = {
			isa = PBXGroup;
			children = (
				BDD6920B29B650B300A7C33E /* Foodagram.app */,
			);
			name = Products;
			sourceTree = "<group>";
		};
		BDD6920D29B650B300A7C33E /* Foodagram */ = {
			isa = PBXGroup;
			children = (
				BDD6923729B6BFD500A7C33E /* Datasources */,
				BDD6923629B6BFBB00A7C33E /* Repositories */,
				BDD6923329B6AE4D00A7C33E /* ViewModels */,
				BDD6922329B6767800A7C33E /* Views */,
				BDD6920E29B650B300A7C33E /* FoodagramApp.swift */,
				BDD6921029B650B300A7C33E /* ContentView.swift */,
				BDD6922129B66FBD00A7C33E /* GoogleService-Info.plist */,
				BDD6921229B650B500A7C33E /* Assets.xcassets */,
				BDD6921429B650B500A7C33E /* Preview Content */,
			);
			path = Foodagram;
			sourceTree = "<group>";
		};
		BDD6921429B650B500A7C33E /* Preview Content */ = {
			isa = PBXGroup;
			children = (
				BDD6921529B650B500A7C33E /* Preview Assets.xcassets */,
			);
			path = "Preview Content";
			sourceTree = "<group>";
		};
		BDD6922329B6767800A7C33E /* Views */ = {
			isa = PBXGroup;
			children = (
				BDD6922429B6768E00A7C33E /* AuthenticationView.swift */,
				BDD6922629B68F6900A7C33E /* LoginEmailView.swift */,
				BDD6922829B6934600A7C33E /* RegisterEmailView.swift */,
				BDD6922A29B693C800A7C33E /* DismissView.swift */,
			);
			path = Views;
			sourceTree = "<group>";
		};
		BDD6922C29B6967800A7C33E /* Frameworks */ = {
			isa = PBXGroup;
			children = (
			);
			name = Frameworks;
			sourceTree = "<group>";
		};
		BDD6923329B6AE4D00A7C33E /* ViewModels */ = {
			isa = PBXGroup;
			children = (
				BDD6923429B6AE5C00A7C33E /* AuthenticationViewModel.swift */,
			);
			path = ViewModels;
			sourceTree = "<group>";
		};
		BDD6923629B6BFBB00A7C33E /* Repositories */ = {
			isa = PBXGroup;
			children = (
				BDD6923129B6ADB500A7C33E /* AuthenticationRepository.swift */,
			);
			path = Repositories;
			sourceTree = "<group>";
		};
		BDD6923729B6BFD500A7C33E /* Datasources */ = {
			isa = PBXGroup;
			children = (
				BDD6922F29B6ABEF00A7C33E /* AuthenticationFirebaseDatasource.swift */,
			);
			path = Datasources;
			sourceTree = "<group>";
		};
/* End PBXGroup section */

/* Begin PBXNativeTarget section */
		BDD6920A29B650B300A7C33E /* Foodagram */ = {
			isa = PBXNativeTarget;
			buildConfigurationList = BDD6921929B650B500A7C33E /* Build configuration list for PBXNativeTarget "Foodagram" */;
			buildPhases = (
				BDD6920729B650B300A7C33E /* Sources */,
				BDD6920829B650B300A7C33E /* Frameworks */,
				BDD6920929B650B300A7C33E /* Resources */,
			);
			buildRules = (
			);
			dependencies = (
			);
			name = Foodagram;
			packageProductDependencies = (
				BDD6921D29B66F8600A7C33E /* FirebaseAnalytics */,
				BDD6921F29B66F8600A7C33E /* FirebaseAnalyticsSwift */,
				BDD6922D29B6967800A7C33E /* FirebaseAuth */,
			);
			productName = Foodagram;
			productReference = BDD6920B29B650B300A7C33E /* Foodagram.app */;
			productType = "com.apple.product-type.application";
		};
/* End PBXNativeTarget section */

/* Begin PBXProject section */
		BDD6920329B650B300A7C33E /* Project object */ = {
			isa = PBXProject;
			attributes = {
				BuildIndependentTargetsInParallel = 1;
				LastSwiftUpdateCheck = 1420;
				LastUpgradeCheck = 1420;
				TargetAttributes = {
					BDD6920A29B650B300A7C33E = {
						CreatedOnToolsVersion = 14.2;
					};
				};
			};
			buildConfigurationList = BDD6920629B650B300A7C33E /* Build configuration list for PBXProject "Foodagram" */;
			compatibilityVersion = "Xcode 14.0";
			developmentRegion = en;
			hasScannedForEncodings = 0;
			knownRegions = (
				en,
				Base,
			);
			mainGroup = BDD6920229B650B300A7C33E;
			packageReferences = (
				BDD6921C29B66F8600A7C33E /* XCRemoteSwiftPackageReference "firebase-ios-sdk" */,
			);
			productRefGroup = BDD6920C29B650B300A7C33E /* Products */;
			projectDirPath = "";
			projectRoot = "";
			targets = (
				BDD6920A29B650B300A7C33E /* Foodagram */,
			);
		};
/* End PBXProject section */

/* Begin PBXResourcesBuildPhase section */
		BDD6920929B650B300A7C33E /* Resources */ = {
			isa = PBXResourcesBuildPhase;
			buildActionMask = 2147483647;
			files = (
				BDD6921629B650B500A7C33E /* Preview Assets.xcassets in Resources */,
				BDD6921329B650B500A7C33E /* Assets.xcassets in Resources */,
				BDD6922229B66FBE00A7C33E /* GoogleService-Info.plist in Resources */,
			);
			runOnlyForDeploymentPostprocessing = 0;
		};
/* End PBXResourcesBuildPhase section */

/* Begin PBXSourcesBuildPhase section */
		BDD6920729B650B300A7C33E /* Sources */ = {
			isa = PBXSourcesBuildPhase;
			buildActionMask = 2147483647;
			files = (
				BDD6922929B6934600A7C33E /* RegisterEmailView.swift in Sources */,
				BDD6923229B6ADB500A7C33E /* AuthenticationRepository.swift in Sources */,
				BDD6922529B6768E00A7C33E /* AuthenticationView.swift in Sources */,
				BDD6921129B650B300A7C33E /* ContentView.swift in Sources */,
				BDD6920F29B650B300A7C33E /* FoodagramApp.swift in Sources */,
				BDD6922729B68F6900A7C33E /* LoginEmailView.swift in Sources */,
				BDD6923529B6AE5C00A7C33E /* AuthenticationViewModel.swift in Sources */,
				BDD6923029B6ABEF00A7C33E /* AuthenticationFirebaseDatasource.swift in Sources */,
				BDD6922B29B693C800A7C33E /* DismissView.swift in Sources */,
			);
			runOnlyForDeploymentPostprocessing = 0;
		};
/* End PBXSourcesBuildPhase section */

/* Begin XCBuildConfiguration section */
		BDD6921729B650B500A7C33E /* Debug */ = {
			isa = XCBuildConfiguration;
			buildSettings = {
				ALWAYS_SEARCH_USER_PATHS = NO;
				CLANG_ANALYZER_NONNULL = YES;
				CLANG_ANALYZER_NUMBER_OBJECT_CONVERSION = YES_AGGRESSIVE;
				CLANG_CXX_LANGUAGE_STANDARD = "gnu++20";
				CLANG_ENABLE_MODULES = YES;
				CLANG_ENABLE_OBJC_ARC = YES;
				CLANG_ENABLE_OBJC_WEAK = YES;
				CLANG_WARN_BLOCK_CAPTURE_AUTORELEASING = YES;
				CLANG_WARN_BOOL_CONVERSION = YES;
				CLANG_WARN_COMMA = YES;
				CLANG_WARN_CONSTANT_CONVERSION = YES;
				CLANG_WARN_DEPRECATED_OBJC_IMPLEMENTATIONS = YES;
				CLANG_WARN_DIRECT_OBJC_ISA_USAGE = YES_ERROR;
				CLANG_WARN_DOCUMENTATION_COMMENTS = YES;
				CLANG_WARN_EMPTY_BODY = YES;
				CLANG_WARN_ENUM_CONVERSION = YES;
				CLANG_WARN_INFINITE_RECURSION = YES;
				CLANG_WARN_INT_CONVERSION = YES;
				CLANG_WARN_NON_LITERAL_NULL_CONVERSION = YES;
				CLANG_WARN_OBJC_IMPLICIT_RETAIN_SELF = YES;
				CLANG_WARN_OBJC_LITERAL_CONVERSION = YES;
				CLANG_WARN_OBJC_ROOT_CLASS = YES_ERROR;
				CLANG_WARN_QUOTED_INCLUDE_IN_FRAMEWORK_HEADER = YES;
				CLANG_WARN_RANGE_LOOP_ANALYSIS = YES;
				CLANG_WARN_STRICT_PROTOTYPES = YES;
				CLANG_WARN_SUSPICIOUS_MOVE = YES;
				CLANG_WARN_UNGUARDED_AVAILABILITY = YES_AGGRESSIVE;
				CLANG_WARN_UNREACHABLE_CODE = YES;
				CLANG_WARN__DUPLICATE_METHOD_MATCH = YES;
				COPY_PHASE_STRIP = NO;
				DEBUG_INFORMATION_FORMAT = dwarf;
				ENABLE_STRICT_OBJC_MSGSEND = YES;
				ENABLE_TESTABILITY = YES;
				GCC_C_LANGUAGE_STANDARD = gnu11;
				GCC_DYNAMIC_NO_PIC = NO;
				GCC_NO_COMMON_BLOCKS = YES;
				GCC_OPTIMIZATION_LEVEL = 0;
				GCC_PREPROCESSOR_DEFINITIONS = (
					"DEBUG=1",
					"$(inherited)",
				);
				GCC_WARN_64_TO_32_BIT_CONVERSION = YES;
				GCC_WARN_ABOUT_RETURN_TYPE = YES_ERROR;
				GCC_WARN_UNDECLARED_SELECTOR = YES;
				GCC_WARN_UNINITIALIZED_AUTOS = YES_AGGRESSIVE;
				GCC_WARN_UNUSED_FUNCTION = YES;
				GCC_WARN_UNUSED_VARIABLE = YES;
				IPHONEOS_DEPLOYMENT_TARGET = 16.2;
				MTL_ENABLE_DEBUG_INFO = INCLUDE_SOURCE;
				MTL_FAST_MATH = YES;
				ONLY_ACTIVE_ARCH = YES;
				SDKROOT = iphoneos;
				SWIFT_ACTIVE_COMPILATION_CONDITIONS = DEBUG;
				SWIFT_OPTIMIZATION_LEVEL = "-Onone";
			};
			name = Debug;
		};
		BDD6921829B650B500A7C33E /* Release */ = {
			isa = XCBuildConfiguration;
			buildSettings = {
				ALWAYS_SEARCH_USER_PATHS = NO;
				CLANG_ANALYZER_NONNULL = YES;
				CLANG_ANALYZER_NUMBER_OBJECT_CONVERSION = YES_AGGRESSIVE;
				CLANG_CXX_LANGUAGE_STANDARD = "gnu++20";
				CLANG_ENABLE_MODULES = YES;
				CLANG_ENABLE_OBJC_ARC = YES;
				CLANG_ENABLE_OBJC_WEAK = YES;
				CLANG_WARN_BLOCK_CAPTURE_AUTORELEASING = YES;
				CLANG_WARN_BOOL_CONVERSION = YES;
				CLANG_WARN_COMMA = YES;
				CLANG_WARN_CONSTANT_CONVERSION = YES;
				CLANG_WARN_DEPRECATED_OBJC_IMPLEMENTATIONS = YES;
				CLANG_WARN_DIRECT_OBJC_ISA_USAGE = YES_ERROR;
				CLANG_WARN_DOCUMENTATION_COMMENTS = YES;
				CLANG_WARN_EMPTY_BODY = YES;
				CLANG_WARN_ENUM_CONVERSION = YES;
				CLANG_WARN_INFINITE_RECURSION = YES;
				CLANG_WARN_INT_CONVERSION = YES;
				CLANG_WARN_NON_LITERAL_NULL_CONVERSION = YES;
				CLANG_WARN_OBJC_IMPLICIT_RETAIN_SELF = YES;
				CLANG_WARN_OBJC_LITERAL_CONVERSION = YES;
				CLANG_WARN_OBJC_ROOT_CLASS = YES_ERROR;
				CLANG_WARN_QUOTED_INCLUDE_IN_FRAMEWORK_HEADER = YES;
				CLANG_WARN_RANGE_LOOP_ANALYSIS = YES;
				CLANG_WARN_STRICT_PROTOTYPES = YES;
				CLANG_WARN_SUSPICIOUS_MOVE = YES;
				CLANG_WARN_UNGUARDED_AVAILABILITY = YES_AGGRESSIVE;
				CLANG_WARN_UNREACHABLE_CODE = YES;
				CLANG_WARN__DUPLICATE_METHOD_MATCH = YES;
				COPY_PHASE_STRIP = NO;
				DEBUG_INFORMATION_FORMAT = "dwarf-with-dsym";
				ENABLE_NS_ASSERTIONS = NO;
				ENABLE_STRICT_OBJC_MSGSEND = YES;
				GCC_C_LANGUAGE_STANDARD = gnu11;
				GCC_NO_COMMON_BLOCKS = YES;
				GCC_WARN_64_TO_32_BIT_CONVERSION = YES;
				GCC_WARN_ABOUT_RETURN_TYPE = YES_ERROR;
				GCC_WARN_UNDECLARED_SELECTOR = YES;
				GCC_WARN_UNINITIALIZED_AUTOS = YES_AGGRESSIVE;
				GCC_WARN_UNUSED_FUNCTION = YES;
				GCC_WARN_UNUSED_VARIABLE = YES;
				IPHONEOS_DEPLOYMENT_TARGET = 16.2;
				MTL_ENABLE_DEBUG_INFO = NO;
				MTL_FAST_MATH = YES;
				SDKROOT = iphoneos;
				SWIFT_COMPILATION_MODE = wholemodule;
				SWIFT_OPTIMIZATION_LEVEL = "-O";
				VALIDATE_PRODUCT = YES;
			};
			name = Release;
		};
		BDD6921A29B650B500A7C33E /* Debug */ = {
			isa = XCBuildConfiguration;
			buildSettings = {
				ASSETCATALOG_COMPILER_APPICON_NAME = AppIcon;
				ASSETCATALOG_COMPILER_GLOBAL_ACCENT_COLOR_NAME = AccentColor;
				CODE_SIGN_STYLE = Automatic;
				CURRENT_PROJECT_VERSION = 1;
				DEVELOPMENT_ASSET_PATHS = "\"Foodagram/Preview Content\"";
				ENABLE_PREVIEWS = YES;
				GENERATE_INFOPLIST_FILE = YES;
				INFOPLIST_KEY_UIApplicationSceneManifest_Generation = YES;
				INFOPLIST_KEY_UIApplicationSupportsIndirectInputEvents = YES;
				INFOPLIST_KEY_UILaunchScreen_Generation = YES;
				INFOPLIST_KEY_UISupportedInterfaceOrientations_iPad = "UIInterfaceOrientationPortrait UIInterfaceOrientationPortraitUpsideDown UIInterfaceOrientationLandscapeLeft UIInterfaceOrientationLandscapeRight";
				INFOPLIST_KEY_UISupportedInterfaceOrientations_iPhone = "UIInterfaceOrientationPortrait UIInterfaceOrientationLandscapeLeft UIInterfaceOrientationLandscapeRight";
				LD_RUNPATH_SEARCH_PATHS = (
					"$(inherited)",
					"@executable_path/Frameworks",
				);
				MARKETING_VERSION = 1.0;
				PRODUCT_BUNDLE_IDENTIFIER = com.outatime.Foodagram;
				PRODUCT_NAME = "$(TARGET_NAME)";
				SWIFT_EMIT_LOC_STRINGS = YES;
				SWIFT_VERSION = 5.0;
				TARGETED_DEVICE_FAMILY = "1,2";
			};
			name = Debug;
		};
		BDD6921B29B650B500A7C33E /* Release */ = {
			isa = XCBuildConfiguration;
			buildSettings = {
				ASSETCATALOG_COMPILER_APPICON_NAME = AppIcon;
				ASSETCATALOG_COMPILER_GLOBAL_ACCENT_COLOR_NAME = AccentColor;
				CODE_SIGN_STYLE = Automatic;
				CURRENT_PROJECT_VERSION = 1;
				DEVELOPMENT_ASSET_PATHS = "\"Foodagram/Preview Content\"";
				ENABLE_PREVIEWS = YES;
				GENERATE_INFOPLIST_FILE = YES;
				INFOPLIST_KEY_UIApplicationSceneManifest_Generation = YES;
				INFOPLIST_KEY_UIApplicationSupportsIndirectInputEvents = YES;
				INFOPLIST_KEY_UILaunchScreen_Generation = YES;
				INFOPLIST_KEY_UISupportedInterfaceOrientations_iPad = "UIInterfaceOrientationPortrait UIInterfaceOrientationPortraitUpsideDown UIInterfaceOrientationLandscapeLeft UIInterfaceOrientationLandscapeRight";
				INFOPLIST_KEY_UISupportedInterfaceOrientations_iPhone = "UIInterfaceOrientationPortrait UIInterfaceOrientationLandscapeLeft UIInterfaceOrientationLandscapeRight";
				LD_RUNPATH_SEARCH_PATHS = (
					"$(inherited)",
					"@executable_path/Frameworks",
				);
				MARKETING_VERSION = 1.0;
				PRODUCT_BUNDLE_IDENTIFIER = com.outatime.Foodagram;
				PRODUCT_NAME = "$(TARGET_NAME)";
				SWIFT_EMIT_LOC_STRINGS = YES;
				SWIFT_VERSION = 5.0;
				TARGETED_DEVICE_FAMILY = "1,2";
			};
			name = Release;
		};
/* End XCBuildConfiguration section */

/* Begin XCConfigurationList section */
		BDD6920629B650B300A7C33E /* Build configuration list for PBXProject "Foodagram" */ = {
			isa = XCConfigurationList;
			buildConfigurations = (
				BDD6921729B650B500A7C33E /* Debug */,
				BDD6921829B650B500A7C33E /* Release */,
			);
			defaultConfigurationIsVisible = 0;
			defaultConfigurationName = Release;
		};
		BDD6921929B650B500A7C33E /* Build configuration list for PBXNativeTarget "Foodagram" */ = {
			isa = XCConfigurationList;
			buildConfigurations = (
				BDD6921A29B650B500A7C33E /* Debug */,
				BDD6921B29B650B500A7C33E /* Release */,
			);
			defaultConfigurationIsVisible = 0;
			defaultConfigurationName = Release;
		};
/* End XCConfigurationList section */

/* Begin XCRemoteSwiftPackageReference section */
		BDD6921C29B66F8600A7C33E /* XCRemoteSwiftPackageReference "firebase-ios-sdk" */ = {
			isa = XCRemoteSwiftPackageReference;
			repositoryURL = "https://github.com/firebase/firebase-ios-sdk.git";
			requirement = {
				kind = upToNextMajorVersion;
				minimumVersion = 9.0.0;
			};
		};
/* End XCRemoteSwiftPackageReference section */

/* Begin XCSwiftPackageProductDependency section */
		BDD6921D29B66F8600A7C33E /* FirebaseAnalytics */ = {
			isa = XCSwiftPackageProductDependency;
			package = BDD6921C29B66F8600A7C33E /* XCRemoteSwiftPackageReference "firebase-ios-sdk" */;
			productName = FirebaseAnalytics;
		};
		BDD6921F29B66F8600A7C33E /* FirebaseAnalyticsSwift */ = {
			isa = XCSwiftPackageProductDependency;
			package = BDD6921C29B66F8600A7C33E /* XCRemoteSwiftPackageReference "firebase-ios-sdk" */;
			productName = FirebaseAnalyticsSwift;
		};
		BDD6922D29B6967800A7C33E /* FirebaseAuth */ = {
			isa = XCSwiftPackageProductDependency;
			package = BDD6921C29B66F8600A7C33E /* XCRemoteSwiftPackageReference "firebase-ios-sdk" */;
			productName = FirebaseAuth;
		};
/* End XCSwiftPackageProductDependency section */
	};
	rootObject = BDD6920329B650B300A7C33E /* Project object */;
}
